// !$*UTF8*$!
{
	archiveVersion = 1;
	classes = {
	};
	objectVersion = 46;
	objects = {

/* Begin PBXBuildFile section */
		B2249D661A3E5F860021E977 /* Banana.swift in Sources */ = {isa = PBXBuildFile; fileRef = B2249D651A3E5F860021E977 /* Banana.swift */; };
		B2249D671A3E5F860021E977 /* Banana.swift in Sources */ = {isa = PBXBuildFile; fileRef = B2249D651A3E5F860021E977 /* Banana.swift */; };
		B26E49A21A3C9D4D0064105C /* AppDelegate.swift in Sources */ = {isa = PBXBuildFile; fileRef = B26E49A11A3C9D4D0064105C /* AppDelegate.swift */; };
		B26E49A61A3C9D4D0064105C /* GameScene.swift in Sources */ = {isa = PBXBuildFile; fileRef = B26E49A51A3C9D4D0064105C /* GameScene.swift */; };
		B26E49A81A3C9D4D0064105C /* GameViewController.swift in Sources */ = {isa = PBXBuildFile; fileRef = B26E49A71A3C9D4D0064105C /* GameViewController.swift */; };
		B26E49AB1A3C9D4D0064105C /* Main.storyboard in Resources */ = {isa = PBXBuildFile; fileRef = B26E49A91A3C9D4D0064105C /* Main.storyboard */; };
		B26E49B01A3C9D4D0064105C /* LaunchScreen.xib in Resources */ = {isa = PBXBuildFile; fileRef = B26E49AE1A3C9D4D0064105C /* LaunchScreen.xib */; };
		B26E49BC1A3C9D4D0064105C /* Minnion_MazeTests.swift in Sources */ = {isa = PBXBuildFile; fileRef = B26E49BB1A3C9D4D0064105C /* Minnion_MazeTests.swift */; };
		B26E49C61A3C9EBF0064105C /* TileMapLayer.swift in Sources */ = {isa = PBXBuildFile; fileRef = B26E49C51A3C9EBF0064105C /* TileMapLayer.swift */; };
		B26E49D41A3CAD350064105C /* Player.swift in Sources */ = {isa = PBXBuildFile; fileRef = B26E49D31A3CAD350064105C /* Player.swift */; };
		B26E49D51A3CAD350064105C /* Player.swift in Sources */ = {isa = PBXBuildFile; fileRef = B26E49D31A3CAD350064105C /* Player.swift */; };
		B26E4A031A3CB5080064105C /* Types.swift in Sources */ = {isa = PBXBuildFile; fileRef = B26E4A021A3CB5080064105C /* Types.swift */; };
		B26E4A041A3CB5080064105C /* Types.swift in Sources */ = {isa = PBXBuildFile; fileRef = B26E4A021A3CB5080064105C /* Types.swift */; };
		B288E4FC1A3F84D8003E20A7 /* GameOver.swift in Sources */ = {isa = PBXBuildFile; fileRef = B288E4FB1A3F84D8003E20A7 /* GameOver.swift */; };
		B288E4FE1A3F851C003E20A7 /* StartScreen.swift in Sources */ = {isa = PBXBuildFile; fileRef = B288E4FD1A3F851C003E20A7 /* StartScreen.swift */; };
		B288E5091A3FB8E9003E20A7 /* youLoseMinnion.png in Resources */ = {isa = PBXBuildFile; fileRef = B288E5071A3FB8E9003E20A7 /* youLoseMinnion.png */; };
		B288E50A1A3FB8E9003E20A7 /* youWinMinnion.png in Resources */ = {isa = PBXBuildFile; fileRef = B288E5081A3FB8E9003E20A7 /* youWinMinnion.png */; };
		B288E50C1A3FB9C2003E20A7 /* start.png in Resources */ = {isa = PBXBuildFile; fileRef = B288E50B1A3FB9C2003E20A7 /* start.png */; };
		B288E50E1A3FBD94003E20A7 /* startScreenBckgd.png in Resources */ = {isa = PBXBuildFile; fileRef = B288E50D1A3FBD94003E20A7 /* startScreenBckgd.png */; };
		B29555491A3DF1E600444C35 /* CGFloat+Extensions.swift in Sources */ = {isa = PBXBuildFile; fileRef = B295553D1A3DF1E600444C35 /* CGFloat+Extensions.swift */; };
		B295554A1A3DF1E600444C35 /* CGFloat+Extensions.swift in Sources */ = {isa = PBXBuildFile; fileRef = B295553D1A3DF1E600444C35 /* CGFloat+Extensions.swift */; };
		B295554B1A3DF1E600444C35 /* CGPoint+Extensions.swift in Sources */ = {isa = PBXBuildFile; fileRef = B295553E1A3DF1E600444C35 /* CGPoint+Extensions.swift */; };
		B295554C1A3DF1E600444C35 /* CGPoint+Extensions.swift in Sources */ = {isa = PBXBuildFile; fileRef = B295553E1A3DF1E600444C35 /* CGPoint+Extensions.swift */; };
		B295554D1A3DF1E600444C35 /* CGVector+Extensions.swift in Sources */ = {isa = PBXBuildFile; fileRef = B295553F1A3DF1E600444C35 /* CGVector+Extensions.swift */; };
		B295554E1A3DF1E600444C35 /* CGVector+Extensions.swift in Sources */ = {isa = PBXBuildFile; fileRef = B295553F1A3DF1E600444C35 /* CGVector+Extensions.swift */; };
		B295554F1A3DF1E600444C35 /* Int+Extensions.swift in Sources */ = {isa = PBXBuildFile; fileRef = B29555401A3DF1E600444C35 /* Int+Extensions.swift */; };
		B29555501A3DF1E600444C35 /* Int+Extensions.swift in Sources */ = {isa = PBXBuildFile; fileRef = B29555401A3DF1E600444C35 /* Int+Extensions.swift */; };
		B29555511A3DF1E600444C35 /* SKAction+Extensions.swift in Sources */ = {isa = PBXBuildFile; fileRef = B29555411A3DF1E600444C35 /* SKAction+Extensions.swift */; };
		B29555521A3DF1E600444C35 /* SKAction+Extensions.swift in Sources */ = {isa = PBXBuildFile; fileRef = B29555411A3DF1E600444C35 /* SKAction+Extensions.swift */; };
		B29555531A3DF1E600444C35 /* SKAction+SpecialEffects.swift in Sources */ = {isa = PBXBuildFile; fileRef = B29555421A3DF1E600444C35 /* SKAction+SpecialEffects.swift */; };
		B29555541A3DF1E600444C35 /* SKAction+SpecialEffects.swift in Sources */ = {isa = PBXBuildFile; fileRef = B29555421A3DF1E600444C35 /* SKAction+SpecialEffects.swift */; };
		B29555551A3DF1E600444C35 /* SKColor+Extensions.swift in Sources */ = {isa = PBXBuildFile; fileRef = B29555431A3DF1E600444C35 /* SKColor+Extensions.swift */; };
		B29555561A3DF1E600444C35 /* SKColor+Extensions.swift in Sources */ = {isa = PBXBuildFile; fileRef = B29555431A3DF1E600444C35 /* SKColor+Extensions.swift */; };
		B29555571A3DF1E600444C35 /* SKNode+Extensions.swift in Sources */ = {isa = PBXBuildFile; fileRef = B29555441A3DF1E600444C35 /* SKNode+Extensions.swift */; };
		B29555581A3DF1E600444C35 /* SKNode+Extensions.swift in Sources */ = {isa = PBXBuildFile; fileRef = B29555441A3DF1E600444C35 /* SKNode+Extensions.swift */; };
		B29555591A3DF1E600444C35 /* SKTAudio.swift in Sources */ = {isa = PBXBuildFile; fileRef = B29555451A3DF1E600444C35 /* SKTAudio.swift */; };
		B295555A1A3DF1E600444C35 /* SKTAudio.swift in Sources */ = {isa = PBXBuildFile; fileRef = B29555451A3DF1E600444C35 /* SKTAudio.swift */; };
		B295555B1A3DF1E600444C35 /* SKTEffects.swift in Sources */ = {isa = PBXBuildFile; fileRef = B29555461A3DF1E600444C35 /* SKTEffects.swift */; };
		B295555C1A3DF1E600444C35 /* SKTEffects.swift in Sources */ = {isa = PBXBuildFile; fileRef = B29555461A3DF1E600444C35 /* SKTEffects.swift */; };
		B295555D1A3DF1E600444C35 /* SKTTimingFunctions.swift in Sources */ = {isa = PBXBuildFile; fileRef = B29555471A3DF1E600444C35 /* SKTTimingFunctions.swift */; };
		B295555E1A3DF1E600444C35 /* SKTTimingFunctions.swift in Sources */ = {isa = PBXBuildFile; fileRef = B29555471A3DF1E600444C35 /* SKTTimingFunctions.swift */; };
		B295555F1A3DF1E600444C35 /* Vector3.swift in Sources */ = {isa = PBXBuildFile; fileRef = B29555481A3DF1E600444C35 /* Vector3.swift */; };
		B29555601A3DF1E600444C35 /* Vector3.swift in Sources */ = {isa = PBXBuildFile; fileRef = B29555481A3DF1E600444C35 /* Vector3.swift */; };
		B29594F01A3E9A4500F89919 /* Images.xcassets in Resources */ = {isa = PBXBuildFile; fileRef = B29594EF1A3E9A4500F89919 /* Images.xcassets */; };
		B2A159F71A407CB90035A431 /* MapGenerator.swift in Sources */ = {isa = PBXBuildFile; fileRef = B2A159F61A407CB90035A431 /* MapGenerator.swift */; };
		B2BF22711A3EF0A600F496D9 /* minnion_background.mp3 in Resources */ = {isa = PBXBuildFile; fileRef = B2BF22701A3EF0A600F496D9 /* minnion_background.mp3 */; };
		B2BF22721A3EF0A600F496D9 /* minnion_background.mp3 in Resources */ = {isa = PBXBuildFile; fileRef = B2BF22701A3EF0A600F496D9 /* minnion_background.mp3 */; };
		B2DFA2501A425D6B000FE131 /* Level.plist in Resources */ = {isa = PBXBuildFile; fileRef = B2DFA24F1A425D6B000FE131 /* Level.plist */; };
		B2E101971A70186600EEC175 /* scenery.atlas in Resources */ = {isa = PBXBuildFile; fileRef = B2E101961A70186600EEC175 /* scenery.atlas */; };
		B2EDF4D11A700BCF00246771 /* characters.atlas in Resources */ = {isa = PBXBuildFile; fileRef = B2EDF4D01A700BCF00246771 /* characters.atlas */; };
		B2F7C3681A47684100BD7FB6 /* Launch Screen.xib in Resources */ = {isa = PBXBuildFile; fileRef = B2F7C3671A47684100BD7FB6 /* Launch Screen.xib */; };
		B2F7C36A1A4768F900BD7FB6 /* LoadScreen.png in Resources */ = {isa = PBXBuildFile; fileRef = B2F7C3691A4768F900BD7FB6 /* LoadScreen.png */; };
		B2F7C36C1A47698F00BD7FB6 /* MazeGen.swift in Sources */ = {isa = PBXBuildFile; fileRef = B2F7C36B1A47698F00BD7FB6 /* MazeGen.swift */; };
/* End PBXBuildFile section */

/* Begin PBXContainerItemProxy section */
		B26E49B61A3C9D4D0064105C /* PBXContainerItemProxy */ = {
			isa = PBXContainerItemProxy;
			containerPortal = B26E49941A3C9D4D0064105C /* Project object */;
			proxyType = 1;
			remoteGlobalIDString = B26E499B1A3C9D4D0064105C;
			remoteInfo = "Minnion Maze";
		};
/* End PBXContainerItemProxy section */

/* Begin PBXFileReference section */
		B2249D651A3E5F860021E977 /* Banana.swift */ = {isa = PBXFileReference; fileEncoding = 4; lastKnownFileType = sourcecode.swift; path = Banana.swift; sourceTree = "<group>"; };
		B26E499C1A3C9D4D0064105C /* Minnion Maze.app */ = {isa = PBXFileReference; explicitFileType = wrapper.application; includeInIndex = 0; path = "Minnion Maze.app"; sourceTree = BUILT_PRODUCTS_DIR; };
		B26E49A01A3C9D4D0064105C /* Info.plist */ = {isa = PBXFileReference; lastKnownFileType = text.plist.xml; path = Info.plist; sourceTree = "<group>"; };
		B26E49A11A3C9D4D0064105C /* AppDelegate.swift */ = {isa = PBXFileReference; lastKnownFileType = sourcecode.swift; path = AppDelegate.swift; sourceTree = "<group>"; };
		B26E49A51A3C9D4D0064105C /* GameScene.swift */ = {isa = PBXFileReference; lastKnownFileType = sourcecode.swift; path = GameScene.swift; sourceTree = "<group>"; };
		B26E49A71A3C9D4D0064105C /* GameViewController.swift */ = {isa = PBXFileReference; lastKnownFileType = sourcecode.swift; path = GameViewController.swift; sourceTree = "<group>"; };
		B26E49AA1A3C9D4D0064105C /* Base */ = {isa = PBXFileReference; lastKnownFileType = file.storyboard; name = Base; path = Base.lproj/Main.storyboard; sourceTree = "<group>"; };
		B26E49AF1A3C9D4D0064105C /* Base */ = {isa = PBXFileReference; lastKnownFileType = file.xib; name = Base; path = Base.lproj/LaunchScreen.xib; sourceTree = "<group>"; };
		B26E49B51A3C9D4D0064105C /* Minnion MazeTests.xctest */ = {isa = PBXFileReference; explicitFileType = wrapper.cfbundle; includeInIndex = 0; path = "Minnion MazeTests.xctest"; sourceTree = BUILT_PRODUCTS_DIR; };
		B26E49BA1A3C9D4D0064105C /* Info.plist */ = {isa = PBXFileReference; lastKnownFileType = text.plist.xml; path = Info.plist; sourceTree = "<group>"; };
		B26E49BB1A3C9D4D0064105C /* Minnion_MazeTests.swift */ = {isa = PBXFileReference; lastKnownFileType = sourcecode.swift; path = Minnion_MazeTests.swift; sourceTree = "<group>"; };
		B26E49C51A3C9EBF0064105C /* TileMapLayer.swift */ = {isa = PBXFileReference; fileEncoding = 4; lastKnownFileType = sourcecode.swift; path = TileMapLayer.swift; sourceTree = "<group>"; };
		B26E49D31A3CAD350064105C /* Player.swift */ = {isa = PBXFileReference; fileEncoding = 4; lastKnownFileType = sourcecode.swift; path = Player.swift; sourceTree = "<group>"; };
		B26E4A021A3CB5080064105C /* Types.swift */ = {isa = PBXFileReference; fileEncoding = 4; lastKnownFileType = sourcecode.swift; path = Types.swift; sourceTree = "<group>"; };
		B288E4FB1A3F84D8003E20A7 /* GameOver.swift */ = {isa = PBXFileReference; fileEncoding = 4; lastKnownFileType = sourcecode.swift; path = GameOver.swift; sourceTree = "<group>"; };
		B288E4FD1A3F851C003E20A7 /* StartScreen.swift */ = {isa = PBXFileReference; fileEncoding = 4; lastKnownFileType = sourcecode.swift; name = StartScreen.swift; path = ../StartScreen.swift; sourceTree = "<group>"; };
		B288E5071A3FB8E9003E20A7 /* youLoseMinnion.png */ = {isa = PBXFileReference; lastKnownFileType = image.png; path = youLoseMinnion.png; sourceTree = "<group>"; };
		B288E5081A3FB8E9003E20A7 /* youWinMinnion.png */ = {isa = PBXFileReference; lastKnownFileType = image.png; path = youWinMinnion.png; sourceTree = "<group>"; };
		B288E50B1A3FB9C2003E20A7 /* start.png */ = {isa = PBXFileReference; lastKnownFileType = image.png; path = start.png; sourceTree = "<group>"; };
		B288E50D1A3FBD94003E20A7 /* startScreenBckgd.png */ = {isa = PBXFileReference; lastKnownFileType = image.png; path = startScreenBckgd.png; sourceTree = "<group>"; };
		B295553D1A3DF1E600444C35 /* CGFloat+Extensions.swift */ = {isa = PBXFileReference; fileEncoding = 4; lastKnownFileType = sourcecode.swift; path = "CGFloat+Extensions.swift"; sourceTree = "<group>"; };
		B295553E1A3DF1E600444C35 /* CGPoint+Extensions.swift */ = {isa = PBXFileReference; fileEncoding = 4; lastKnownFileType = sourcecode.swift; path = "CGPoint+Extensions.swift"; sourceTree = "<group>"; };
		B295553F1A3DF1E600444C35 /* CGVector+Extensions.swift */ = {isa = PBXFileReference; fileEncoding = 4; lastKnownFileType = sourcecode.swift; path = "CGVector+Extensions.swift"; sourceTree = "<group>"; };
		B29555401A3DF1E600444C35 /* Int+Extensions.swift */ = {isa = PBXFileReference; fileEncoding = 4; lastKnownFileType = sourcecode.swift; path = "Int+Extensions.swift"; sourceTree = "<group>"; };
		B29555411A3DF1E600444C35 /* SKAction+Extensions.swift */ = {isa = PBXFileReference; fileEncoding = 4; lastKnownFileType = sourcecode.swift; path = "SKAction+Extensions.swift"; sourceTree = "<group>"; };
		B29555421A3DF1E600444C35 /* SKAction+SpecialEffects.swift */ = {isa = PBXFileReference; fileEncoding = 4; lastKnownFileType = sourcecode.swift; path = "SKAction+SpecialEffects.swift"; sourceTree = "<group>"; };
		B29555431A3DF1E600444C35 /* SKColor+Extensions.swift */ = {isa = PBXFileReference; fileEncoding = 4; lastKnownFileType = sourcecode.swift; path = "SKColor+Extensions.swift"; sourceTree = "<group>"; };
		B29555441A3DF1E600444C35 /* SKNode+Extensions.swift */ = {isa = PBXFileReference; fileEncoding = 4; lastKnownFileType = sourcecode.swift; path = "SKNode+Extensions.swift"; sourceTree = "<group>"; };
		B29555451A3DF1E600444C35 /* SKTAudio.swift */ = {isa = PBXFileReference; fileEncoding = 4; lastKnownFileType = sourcecode.swift; path = SKTAudio.swift; sourceTree = "<group>"; };
		B29555461A3DF1E600444C35 /* SKTEffects.swift */ = {isa = PBXFileReference; fileEncoding = 4; lastKnownFileType = sourcecode.swift; path = SKTEffects.swift; sourceTree = "<group>"; };
		B29555471A3DF1E600444C35 /* SKTTimingFunctions.swift */ = {isa = PBXFileReference; fileEncoding = 4; lastKnownFileType = sourcecode.swift; path = SKTTimingFunctions.swift; sourceTree = "<group>"; };
		B29555481A3DF1E600444C35 /* Vector3.swift */ = {isa = PBXFileReference; fileEncoding = 4; lastKnownFileType = sourcecode.swift; path = Vector3.swift; sourceTree = "<group>"; };
		B29594EF1A3E9A4500F89919 /* Images.xcassets */ = {isa = PBXFileReference; lastKnownFileType = folder.assetcatalog; path = Images.xcassets; sourceTree = "<group>"; };
		B2A159F61A407CB90035A431 /* MapGenerator.swift */ = {isa = PBXFileReference; fileEncoding = 4; lastKnownFileType = sourcecode.swift; path = MapGenerator.swift; sourceTree = "<group>"; };
		B2BF22701A3EF0A600F496D9 /* minnion_background.mp3 */ = {isa = PBXFileReference; lastKnownFileType = audio.mp3; path = minnion_background.mp3; sourceTree = "<group>"; };
		B2DFA24F1A425D6B000FE131 /* Level.plist */ = {isa = PBXFileReference; fileEncoding = 4; lastKnownFileType = text.plist.xml; path = Level.plist; sourceTree = "<group>"; };
		B2E101961A70186600EEC175 /* scenery.atlas */ = {isa = PBXFileReference; lastKnownFileType = folder.skatlas; name = scenery.atlas; path = ../scenery.atlas; sourceTree = "<group>"; };
		B2EDF4D01A700BCF00246771 /* characters.atlas */ = {isa = PBXFileReference; lastKnownFileType = folder.skatlas; name = characters.atlas; path = ../characters.atlas; sourceTree = "<group>"; };
		B2F7C3671A47684100BD7FB6 /* Launch Screen.xib */ = {isa = PBXFileReference; fileEncoding = 4; lastKnownFileType = file.xib; path = "Launch Screen.xib"; sourceTree = "<group>"; };
		B2F7C3691A4768F900BD7FB6 /* LoadScreen.png */ = {isa = PBXFileReference; lastKnownFileType = image.png; path = LoadScreen.png; sourceTree = "<group>"; };
		B2F7C36B1A47698F00BD7FB6 /* MazeGen.swift */ = {isa = PBXFileReference; fileEncoding = 4; lastKnownFileType = sourcecode.swift; path = MazeGen.swift; sourceTree = "<group>"; };
/* End PBXFileReference section */

/* Begin PBXFrameworksBuildPhase section */
		B26E49991A3C9D4D0064105C /* Frameworks */ = {
			isa = PBXFrameworksBuildPhase;
			buildActionMask = 2147483647;
			files = (
			);
			runOnlyForDeploymentPostprocessing = 0;
		};
		B26E49B21A3C9D4D0064105C /* Frameworks */ = {
			isa = PBXFrameworksBuildPhase;
			buildActionMask = 2147483647;
			files = (
			);
			runOnlyForDeploymentPostprocessing = 0;
		};
/* End PBXFrameworksBuildPhase section */

/* Begin PBXGroup section */
		B26E49931A3C9D4D0064105C = {
			isa = PBXGroup;
			children = (
				B26E49B81A3C9D4D0064105C /* Minnion MazeTests */,
				B26E499D1A3C9D4D0064105C /* Products */,
			);
			sourceTree = "<group>";
		};
		B26E499D1A3C9D4D0064105C /* Products */ = {
			isa = PBXGroup;
			children = (
				B26E499C1A3C9D4D0064105C /* Minnion Maze.app */,
				B26E49B51A3C9D4D0064105C /* Minnion MazeTests.xctest */,
			);
			name = Products;
			sourceTree = "<group>";
		};
		B26E499E1A3C9D4D0064105C /* Minnion Maze */ = {
			isa = PBXGroup;
			children = (
				B295553C1A3DF1E600444C35 /* SKTUtils */,
				B26E49D61A3CAF680064105C /* Images */,
				B2BF226F1A3EF05500F496D9 /* Sound */,
				B26E49D31A3CAD350064105C /* Player.swift */,
				B26E4A021A3CB5080064105C /* Types.swift */,
				B2A159F61A407CB90035A431 /* MapGenerator.swift */,
				B26E49C51A3C9EBF0064105C /* TileMapLayer.swift */,
				B26E49A11A3C9D4D0064105C /* AppDelegate.swift */,
				B26E49A51A3C9D4D0064105C /* GameScene.swift */,
				B2F7C36B1A47698F00BD7FB6 /* MazeGen.swift */,
				B288E4FB1A3F84D8003E20A7 /* GameOver.swift */,
				B288E4FD1A3F851C003E20A7 /* StartScreen.swift */,
				B2249D651A3E5F860021E977 /* Banana.swift */,
				B26E49A71A3C9D4D0064105C /* GameViewController.swift */,
				B2F7C3671A47684100BD7FB6 /* Launch Screen.xib */,
				B26E49A91A3C9D4D0064105C /* Main.storyboard */,
				B26E49AE1A3C9D4D0064105C /* LaunchScreen.xib */,
				B26E499F1A3C9D4D0064105C /* Supporting Files */,
			);
			name = "Minnion Maze";
			path = "../Minnion Maze";
			sourceTree = "<group>";
		};
		B26E499F1A3C9D4D0064105C /* Supporting Files */ = {
			isa = PBXGroup;
			children = (
				B26E49A01A3C9D4D0064105C /* Info.plist */,
				B2DFA24F1A425D6B000FE131 /* Level.plist */,
			);
			name = "Supporting Files";
			sourceTree = "<group>";
		};
		B26E49B81A3C9D4D0064105C /* Minnion MazeTests */ = {
			isa = PBXGroup;
			children = (
				B26E499E1A3C9D4D0064105C /* Minnion Maze */,
				B26E49BB1A3C9D4D0064105C /* Minnion_MazeTests.swift */,
				B26E49B91A3C9D4D0064105C /* Supporting Files */,
			);
			path = "Minnion MazeTests";
			sourceTree = "<group>";
		};
		B26E49B91A3C9D4D0064105C /* Supporting Files */ = {
			isa = PBXGroup;
			children = (
				B26E49BA1A3C9D4D0064105C /* Info.plist */,
			);
			name = "Supporting Files";
			sourceTree = "<group>";
		};
		B26E49D61A3CAF680064105C /* Images */ = {
			isa = PBXGroup;
			children = (
				B2F7C3691A4768F900BD7FB6 /* LoadScreen.png */,
				B288E50D1A3FBD94003E20A7 /* startScreenBckgd.png */,
				B288E50B1A3FB9C2003E20A7 /* start.png */,
				B288E5071A3FB8E9003E20A7 /* youLoseMinnion.png */,
				B288E5081A3FB8E9003E20A7 /* youWinMinnion.png */,
				B29594EF1A3E9A4500F89919 /* Images.xcassets */,
				B2EDF4D01A700BCF00246771 /* characters.atlas */,
				B2E101961A70186600EEC175 /* scenery.atlas */,
			);
			name = Images;
			sourceTree = "<group>";
		};
		B295553C1A3DF1E600444C35 /* SKTUtils */ = {
			isa = PBXGroup;
			children = (
				B295553D1A3DF1E600444C35 /* CGFloat+Extensions.swift */,
				B295553E1A3DF1E600444C35 /* CGPoint+Extensions.swift */,
				B295553F1A3DF1E600444C35 /* CGVector+Extensions.swift */,
				B29555401A3DF1E600444C35 /* Int+Extensions.swift */,
				B29555411A3DF1E600444C35 /* SKAction+Extensions.swift */,
				B29555421A3DF1E600444C35 /* SKAction+SpecialEffects.swift */,
				B29555431A3DF1E600444C35 /* SKColor+Extensions.swift */,
				B29555441A3DF1E600444C35 /* SKNode+Extensions.swift */,
				B29555451A3DF1E600444C35 /* SKTAudio.swift */,
				B29555461A3DF1E600444C35 /* SKTEffects.swift */,
				B29555471A3DF1E600444C35 /* SKTTimingFunctions.swift */,
				B29555481A3DF1E600444C35 /* Vector3.swift */,
			);
			path = SKTUtils;
			sourceTree = "<group>";
		};
		B2BF226F1A3EF05500F496D9 /* Sound */ = {
			isa = PBXGroup;
			children = (
				B2BF22701A3EF0A600F496D9 /* minnion_background.mp3 */,
			);
			name = Sound;
			sourceTree = "<group>";
		};
/* End PBXGroup section */

/* Begin PBXNativeTarget section */
		B26E499B1A3C9D4D0064105C /* Minnion Maze */ = {
			isa = PBXNativeTarget;
			buildConfigurationList = B26E49BF1A3C9D4D0064105C /* Build configuration list for PBXNativeTarget "Minnion Maze" */;
			buildPhases = (
				B26E49981A3C9D4D0064105C /* Sources */,
				B26E49991A3C9D4D0064105C /* Frameworks */,
				B26E499A1A3C9D4D0064105C /* Resources */,
			);
			buildRules = (
			);
			dependencies = (
			);
			name = "Minnion Maze";
			productName = "Minnion Maze";
			productReference = B26E499C1A3C9D4D0064105C /* Minnion Maze.app */;
			productType = "com.apple.product-type.application";
		};
		B26E49B41A3C9D4D0064105C /* Minnion MazeTests */ = {
			isa = PBXNativeTarget;
			buildConfigurationList = B26E49C21A3C9D4D0064105C /* Build configuration list for PBXNativeTarget "Minnion MazeTests" */;
			buildPhases = (
				B26E49B11A3C9D4D0064105C /* Sources */,
				B26E49B21A3C9D4D0064105C /* Frameworks */,
				B26E49B31A3C9D4D0064105C /* Resources */,
			);
			buildRules = (
			);
			dependencies = (
				B26E49B71A3C9D4D0064105C /* PBXTargetDependency */,
			);
			name = "Minnion MazeTests";
			productName = "Minnion MazeTests";
			productReference = B26E49B51A3C9D4D0064105C /* Minnion MazeTests.xctest */;
			productType = "com.apple.product-type.bundle.unit-test";
		};
/* End PBXNativeTarget section */

/* Begin PBXProject section */
		B26E49941A3C9D4D0064105C /* Project object */ = {
			isa = PBXProject;
			attributes = {
				LastUpgradeCheck = 0620;
				ORGANIZATIONNAME = "Timothy Barnard";
				TargetAttributes = {
					B26E499B1A3C9D4D0064105C = {
						CreatedOnToolsVersion = 6.2;
					};
					B26E49B41A3C9D4D0064105C = {
						CreatedOnToolsVersion = 6.2;
						TestTargetID = B26E499B1A3C9D4D0064105C;
					};
				};
			};
			buildConfigurationList = B26E49971A3C9D4D0064105C /* Build configuration list for PBXProject "Minnion Maze" */;
			compatibilityVersion = "Xcode 3.2";
			developmentRegion = English;
			hasScannedForEncodings = 0;
			knownRegions = (
				en,
				Base,
			);
			mainGroup = B26E49931A3C9D4D0064105C;
			productRefGroup = B26E499D1A3C9D4D0064105C /* Products */;
			projectDirPath = "";
			projectRoot = "";
			targets = (
				B26E499B1A3C9D4D0064105C /* Minnion Maze */,
				B26E49B41A3C9D4D0064105C /* Minnion MazeTests */,
			);
		};
/* End PBXProject section */

/* Begin PBXResourcesBuildPhase section */
		B26E499A1A3C9D4D0064105C /* Resources */ = {
			isa = PBXResourcesBuildPhase;
			buildActionMask = 2147483647;
			files = (
				B26E49B01A3C9D4D0064105C /* LaunchScreen.xib in Resources */,
				B2E101971A70186600EEC175 /* scenery.atlas in Resources */,
				B288E50C1A3FB9C2003E20A7 /* start.png in Resources */,
				B2DFA2501A425D6B000FE131 /* Level.plist in Resources */,
				B29594F01A3E9A4500F89919 /* Images.xcassets in Resources */,
				B2F7C36A1A4768F900BD7FB6 /* LoadScreen.png in Resources */,
				B2F7C3681A47684100BD7FB6 /* Launch Screen.xib in Resources */,
				B2BF22711A3EF0A600F496D9 /* minnion_background.mp3 in Resources */,
				B2EDF4D11A700BCF00246771 /* characters.atlas in Resources */,
				B26E49AB1A3C9D4D0064105C /* Main.storyboard in Resources */,
				B288E5091A3FB8E9003E20A7 /* youLoseMinnion.png in Resources */,
				B288E50A1A3FB8E9003E20A7 /* youWinMinnion.png in Resources */,
			);
			runOnlyForDeploymentPostprocessing = 0;
		};
		B26E49B31A3C9D4D0064105C /* Resources */ = {
			isa = PBXResourcesBuildPhase;
			buildActionMask = 2147483647;
			files = (
				B288E50E1A3FBD94003E20A7 /* startScreenBckgd.png in Resources */,
				B2BF22721A3EF0A600F496D9 /* minnion_background.mp3 in Resources */,
			);
			runOnlyForDeploymentPostprocessing = 0;
		};
/* End PBXResourcesBuildPhase section */

/* Begin PBXSourcesBuildPhase section */
		B26E49981A3C9D4D0064105C /* Sources */ = {
			isa = PBXSourcesBuildPhase;
			buildActionMask = 2147483647;
			files = (
				B26E49A61A3C9D4D0064105C /* GameScene.swift in Sources */,
				B295555D1A3DF1E600444C35 /* SKTTimingFunctions.swift in Sources */,
				B26E49A81A3C9D4D0064105C /* GameViewController.swift in Sources */,
				B295554D1A3DF1E600444C35 /* CGVector+Extensions.swift in Sources */,
				B295554B1A3DF1E600444C35 /* CGPoint+Extensions.swift in Sources */,
				B29555491A3DF1E600444C35 /* CGFloat+Extensions.swift in Sources */,
				B26E49C61A3C9EBF0064105C /* TileMapLayer.swift in Sources */,
				B29555591A3DF1E600444C35 /* SKTAudio.swift in Sources */,
				B288E4FC1A3F84D8003E20A7 /* GameOver.swift in Sources */,
				B26E49D41A3CAD350064105C /* Player.swift in Sources */,
				B2249D661A3E5F860021E977 /* Banana.swift in Sources */,
				B29555571A3DF1E600444C35 /* SKNode+Extensions.swift in Sources */,
				B2A159F71A407CB90035A431 /* MapGenerator.swift in Sources */,
				B29555511A3DF1E600444C35 /* SKAction+Extensions.swift in Sources */,
				B29555531A3DF1E600444C35 /* SKAction+SpecialEffects.swift in Sources */,
				B26E4A031A3CB5080064105C /* Types.swift in Sources */,
				B2F7C36C1A47698F00BD7FB6 /* MazeGen.swift in Sources */,
				B26E49A21A3C9D4D0064105C /* AppDelegate.swift in Sources */,
				B295555B1A3DF1E600444C35 /* SKTEffects.swift in Sources */,
				B288E4FE1A3F851C003E20A7 /* StartScreen.swift in Sources */,
				B295554F1A3DF1E600444C35 /* Int+Extensions.swift in Sources */,
				B295555F1A3DF1E600444C35 /* Vector3.swift in Sources */,
				B29555551A3DF1E600444C35 /* SKColor+Extensions.swift in Sources */,
			);
			runOnlyForDeploymentPostprocessing = 0;
		};
		B26E49B11A3C9D4D0064105C /* Sources */ = {
			isa = PBXSourcesBuildPhase;
			buildActionMask = 2147483647;
			files = (
				B26E4A041A3CB5080064105C /* Types.swift in Sources */,
				B295554C1A3DF1E600444C35 /* CGPoint+Extensions.swift in Sources */,
				B295555E1A3DF1E600444C35 /* SKTTimingFunctions.swift in Sources */,
				B295555C1A3DF1E600444C35 /* SKTEffects.swift in Sources */,
				B29555541A3DF1E600444C35 /* SKAction+SpecialEffects.swift in Sources */,
				B295554E1A3DF1E600444C35 /* CGVector+Extensions.swift in Sources */,
				B29555521A3DF1E600444C35 /* SKAction+Extensions.swift in Sources */,
				B29555561A3DF1E600444C35 /* SKColor+Extensions.swift in Sources */,
				B2249D671A3E5F860021E977 /* Banana.swift in Sources */,
				B26E49D51A3CAD350064105C /* Player.swift in Sources */,
				B29555501A3DF1E600444C35 /* Int+Extensions.swift in Sources */,
				B29555581A3DF1E600444C35 /* SKNode+Extensions.swift in Sources */,
				B295555A1A3DF1E600444C35 /* SKTAudio.swift in Sources */,
				B295554A1A3DF1E600444C35 /* CGFloat+Extensions.swift in Sources */,
				B29555601A3DF1E600444C35 /* Vector3.swift in Sources */,
				B26E49BC1A3C9D4D0064105C /* Minnion_MazeTests.swift in Sources */,
			);
			runOnlyForDeploymentPostprocessing = 0;
		};
/* End PBXSourcesBuildPhase section */

/* Begin PBXTargetDependency section */
		B26E49B71A3C9D4D0064105C /* PBXTargetDependency */ = {
			isa = PBXTargetDependency;
			target = B26E499B1A3C9D4D0064105C /* Minnion Maze */;
			targetProxy = B26E49B61A3C9D4D0064105C /* PBXContainerItemProxy */;
		};
/* End PBXTargetDependency section */

/* Begin PBXVariantGroup section */
		B26E49A91A3C9D4D0064105C /* Main.storyboard */ = {
			isa = PBXVariantGroup;
			children = (
				B26E49AA1A3C9D4D0064105C /* Base */,
			);
			name = Main.storyboard;
			sourceTree = "<group>";
		};
		B26E49AE1A3C9D4D0064105C /* LaunchScreen.xib */ = {
			isa = PBXVariantGroup;
			children = (
				B26E49AF1A3C9D4D0064105C /* Base */,
			);
			name = LaunchScreen.xib;
			sourceTree = "<group>";
		};
/* End PBXVariantGroup section */

/* Begin XCBuildConfiguration section */
		B26E49BD1A3C9D4D0064105C /* Debug */ = {
			isa = XCBuildConfiguration;
			buildSettings = {
				ALWAYS_SEARCH_USER_PATHS = NO;
				CLANG_CXX_LANGUAGE_STANDARD = "gnu++0x";
				CLANG_CXX_LIBRARY = "libc++";
				CLANG_ENABLE_MODULES = YES;
				CLANG_ENABLE_OBJC_ARC = YES;
				CLANG_WARN_BOOL_CONVERSION = YES;
				CLANG_WARN_CONSTANT_CONVERSION = YES;
				CLANG_WARN_DIRECT_OBJC_ISA_USAGE = YES_ERROR;
				CLANG_WARN_EMPTY_BODY = YES;
				CLANG_WARN_ENUM_CONVERSION = YES;
				CLANG_WARN_INT_CONVERSION = YES;
				CLANG_WARN_OBJC_ROOT_CLASS = YES_ERROR;
				CLANG_WARN_UNREACHABLE_CODE = YES;
				CLANG_WARN__DUPLICATE_METHOD_MATCH = YES;
				"CODE_SIGN_IDENTITY[sdk=iphoneos*]" = "iPhone Developer";
				COPY_PHASE_STRIP = NO;
				ENABLE_STRICT_OBJC_MSGSEND = YES;
				GCC_C_LANGUAGE_STANDARD = gnu99;
				GCC_DYNAMIC_NO_PIC = NO;
				GCC_OPTIMIZATION_LEVEL = 0;
				GCC_PREPROCESSOR_DEFINITIONS = (
					"DEBUG=1",
					"$(inherited)",
				);
				GCC_SYMBOLS_PRIVATE_EXTERN = NO;
				GCC_WARN_64_TO_32_BIT_CONVERSION = YES;
				GCC_WARN_ABOUT_RETURN_TYPE = YES_ERROR;
				GCC_WARN_UNDECLARED_SELECTOR = YES;
				GCC_WARN_UNINITIALIZED_AUTOS = YES_AGGRESSIVE;
				GCC_WARN_UNUSED_FUNCTION = YES;
				GCC_WARN_UNUSED_VARIABLE = YES;
				IPHONEOS_DEPLOYMENT_TARGET = 8.2;
				MTL_ENABLE_DEBUG_INFO = YES;
				ONLY_ACTIVE_ARCH = YES;
				SDKROOT = iphoneos;
				SWIFT_OPTIMIZATION_LEVEL = "-Onone";
				TARGETED_DEVICE_FAMILY = "1,2";
			};
			name = Debug;
		};
		B26E49BE1A3C9D4D0064105C /* Release */ = {
			isa = XCBuildConfiguration;
			buildSettings = {
				ALWAYS_SEARCH_USER_PATHS = NO;
				CLANG_CXX_LANGUAGE_STANDARD = "gnu++0x";
				CLANG_CXX_LIBRARY = "libc++";
				CLANG_ENABLE_MODULES = YES;
				CLANG_ENABLE_OBJC_ARC = YES;
				CLANG_WARN_BOOL_CONVERSION = YES;
				CLANG_WARN_CONSTANT_CONVERSION = YES;
				CLANG_WARN_DIRECT_OBJC_ISA_USAGE = YES_ERROR;
				CLANG_WARN_EMPTY_BODY = YES;
				CLANG_WARN_ENUM_CONVERSION = YES;
				CLANG_WARN_INT_CONVERSION = YES;
				CLANG_WARN_OBJC_ROOT_CLASS = YES_ERROR;
				CLANG_WARN_UNREACHABLE_CODE = YES;
				CLANG_WARN__DUPLICATE_METHOD_MATCH = YES;
				"CODE_SIGN_IDENTITY[sdk=iphoneos*]" = "iPhone Developer";
				COPY_PHASE_STRIP = YES;
				ENABLE_NS_ASSERTIONS = NO;
				ENABLE_STRICT_OBJC_MSGSEND = YES;
				GCC_C_LANGUAGE_STANDARD = gnu99;
				GCC_WARN_64_TO_32_BIT_CONVERSION = YES;
				GCC_WARN_ABOUT_RETURN_TYPE = YES_ERROR;
				GCC_WARN_UNDECLARED_SELECTOR = YES;
				GCC_WARN_UNINITIALIZED_AUTOS = YES_AGGRESSIVE;
				GCC_WARN_UNUSED_FUNCTION = YES;
				GCC_WARN_UNUSED_VARIABLE = YES;
				IPHONEOS_DEPLOYMENT_TARGET = 8.2;
				MTL_ENABLE_DEBUG_INFO = NO;
				SDKROOT = iphoneos;
				TARGETED_DEVICE_FAMILY = "1,2";
				VALIDATE_PRODUCT = YES;
			};
			name = Release;
		};
		B26E49C01A3C9D4D0064105C /* Debug */ = {
			isa = XCBuildConfiguration;
			buildSettings = {
				ASSETCATALOG_COMPILER_APPICON_NAME = AppIcon;
				ASSETCATALOG_COMPILER_LAUNCHIMAGE_NAME = LaunchImage;
				CODE_SIGN_IDENTITY = "iPhone Developer";
				"CODE_SIGN_IDENTITY[sdk=iphoneos*]" = "iPhone Developer";
				INFOPLIST_FILE = "Minnion Maze/Info.plist";
				IPHONEOS_DEPLOYMENT_TARGET = 8.0;
				LD_RUNPATH_SEARCH_PATHS = "$(inherited) @executable_path/Frameworks";
				PRODUCT_NAME = "$(TARGET_NAME)";
				PROVISIONING_PROFILE = "";
				TARGETED_DEVICE_FAMILY = 1;
			};
			name = Debug;
		};
		B26E49C11A3C9D4D0064105C /* Release */ = {
			isa = XCBuildConfiguration;
			buildSettings = {
				ASSETCATALOG_COMPILER_APPICON_NAME = AppIcon;
				ASSETCATALOG_COMPILER_LAUNCHIMAGE_NAME = LaunchImage;
				CODE_SIGN_IDENTITY = "iPhone Developer";
				"CODE_SIGN_IDENTITY[sdk=iphoneos*]" = "iPhone Developer";
				INFOPLIST_FILE = "Minnion Maze/Info.plist";
				IPHONEOS_DEPLOYMENT_TARGET = 8.0;
				LD_RUNPATH_SEARCH_PATHS = "$(inherited) @executable_path/Frameworks";
				PRODUCT_NAME = "$(TARGET_NAME)";
				PROVISIONING_PROFILE = "";
				TARGETED_DEVICE_FAMILY = 1;
			};
			name = Release;
		};
		B26E49C31A3C9D4D0064105C /* Debug */ = {
			isa = XCBuildConfiguration;
			buildSettings = {
				BUNDLE_LOADER = "$(TEST_HOST)";
				FRAMEWORK_SEARCH_PATHS = (
					"$(SDKROOT)/Developer/Library/Frameworks",
					"$(inherited)",
				);
				GCC_PREPROCESSOR_DEFINITIONS = (
					"DEBUG=1",
					"$(inherited)",
				);
				INFOPLIST_FILE = "Minnion MazeTests/Info.plist";
				LD_RUNPATH_SEARCH_PATHS = "$(inherited) @executable_path/Frameworks @loader_path/Frameworks";
				PRODUCT_NAME = "$(TARGET_NAME)";
				TEST_HOST = "$(BUILT_PRODUCTS_DIR)/Minnion Maze.app/Minnion Maze";
			};
			name = Debug;
		};
		B26E49C41A3C9D4D0064105C /* Release */ = {
			isa = XCBuildConfiguration;
			buildSettings = {
				BUNDLE_LOADER = "$(TEST_HOST)";
				FRAMEWORK_SEARCH_PATHS = (
					"$(SDKROOT)/Developer/Library/Frameworks",
					"$(inherited)",
				);
				INFOPLIST_FILE = "Minnion MazeTests/Info.plist";
				LD_RUNPATH_SEARCH_PATHS = "$(inherited) @executable_path/Frameworks @loader_path/Frameworks";
				PRODUCT_NAME = "$(TARGET_NAME)";
				TEST_HOST = "$(BUILT_PRODUCTS_DIR)/Minnion Maze.app/Minnion Maze";
			};
			name = Release;
		};
/* End XCBuildConfiguration section */

/* Begin XCConfigurationList section */
		B26E49971A3C9D4D0064105C /* Build configuration list for PBXProject "Minnion Maze" */ = {
			isa = XCConfigurationList;
			buildConfigurations = (
				B26E49BD1A3C9D4D0064105C /* Debug */,
				B26E49BE1A3C9D4D0064105C /* Release */,
			);
			defaultConfigurationIsVisible = 0;
			defaultConfigurationName = Release;
		};
		B26E49BF1A3C9D4D0064105C /* Build configuration list for PBXNativeTarget "Minnion Maze" */ = {
			isa = XCConfigurationList;
			buildConfigurations = (
				B26E49C01A3C9D4D0064105C /* Debug */,
				B26E49C11A3C9D4D0064105C /* Release */,
			);
			defaultConfigurationIsVisible = 0;
			defaultConfigurationName = Release;
		};
		B26E49C21A3C9D4D0064105C /* Build configuration list for PBXNativeTarget "Minnion MazeTests" */ = {
			isa = XCConfigurationList;
			buildConfigurations = (
				B26E49C31A3C9D4D0064105C /* Debug */,
				B26E49C41A3C9D4D0064105C /* Release */,
			);
			defaultConfigurationIsVisible = 0;
			defaultConfigurationName = Release;
		};
/* End XCConfigurationList section */
	};
	rootObject = B26E49941A3C9D4D0064105C /* Project object */;
}
